
Microsoft Visual Studio Solution File, Format Version 12.00
# Visual Studio Version 16
VisualStudioVersion = 16.0.31605.320
MinimumVisualStudioVersion = 10.0.40219.1
Project("{FAE04EC0-301F-11D3-BF4B-00C04F79EFBC}") = "Matrix Operations", "Matrix Operations.csproj", "{435DFB67-8605-49B6-B4DC-7FC14F52B29A}"
EndProject
Global
	GlobalSection(SolutionConfigurationPlatforms) = preSolution
		Debug|Any CPU = Debug|Any CPU
		Release|Any CPU = Release|Any CPU
	EndGlobalSection
	GlobalSection(ProjectConfigurationPlatforms) = postSolution
		{435DFB67-8605-49B6-B4DC-7FC14F52B29A}.Debug|Any CPU.ActiveCfg = Debug|Any CPU
		{435DFB67-8605-49B6-B4DC-7FC14F52B29A}.Debug|Any CPU.Build.0 = Debug|Any CPU
		{435DFB67-8605-49B6-B4DC-7FC14F52B29A}.Release|Any CPU.ActiveCfg = Release|Any CPU
		{435DFB67-8605-49B6-B4DC-7FC14F52B29A}.Release|Any CPU.Build.0 = Release|Any CPU
	EndGlobalSection
	GlobalSection(SolutionProperties) = preSolution
		HideSolutionNode = FALSE
	EndGlobalSection
	GlobalSection(ExtensibilityGlobals) = postSolution
		SolutionGuid = {B53164DB-A478-456F-B25C-D5BECE25CC8F}
	EndGlobalSection
EndGlobal
